PODS:
  - CoreDataTools (0.0.5)
  - TableauxUI (0.0.2)

DEPENDENCIES:
  - CoreDataTools (~> 0.0.5)
  - TableauxUI

SPEC REPOS:
  https://github.com/cocoapods/specs.git:
    - CoreDataTools
    - TableauxUI

SPEC CHECKSUMS:
  CoreDataTools: 5163f4a235c7a0fefb44787ac49168d169314535
  TableauxUI: 893e86859ccc2b6d405abf1972c16808575d1f00

PODFILE CHECKSUM: 41360df54c136b4d29246e8cd53c8303b845f25b

COCOAPODS: 1.7.5
