// !$*UTF8*$!
{
	archiveVersion = 1;
	classes = {
	};
	objectVersion = 51;
	objects = {

/* Begin PBXBuildFile section */
		1A23DB46FD5EA3699C930FFF /* Pods_Timestamps.framework in Frameworks */ = {isa = PBXBuildFile; fileRef = 195A554280BB286335314CE8 /* Pods_Timestamps.framework */; };
		53128C692301394600B3637A /* DashboardDataManager.swift in Sources */ = {isa = PBXBuildFile; fileRef = 53128C682301394600B3637A /* DashboardDataManager.swift */; };
		5323E29C233E84C800E2C86F /* TimestampViewDataTests.swift in Sources */ = {isa = PBXBuildFile; fileRef = 5323E29B233E84C800E2C86F /* TimestampViewDataTests.swift */; };
		5323E29E233FB2D300E2C86F /* Date+Helpers.swift in Sources */ = {isa = PBXBuildFile; fileRef = 5323E29D233FB2D300E2C86F /* Date+Helpers.swift */; };
		5335435522F769FE005E136D /* TimestampCell.swift in Sources */ = {isa = PBXBuildFile; fileRef = 5335435422F769FE005E136D /* TimestampCell.swift */; };
		5335435822F76A91005E136D /* UITextView+Helpers.swift in Sources */ = {isa = PBXBuildFile; fileRef = 5335435722F76A91005E136D /* UITextView+Helpers.swift */; };
		5335435A22F76ABE005E136D /* TimestampCellViewData.swift in Sources */ = {isa = PBXBuildFile; fileRef = 5335435922F76ABE005E136D /* TimestampCellViewData.swift */; };
		5337F5E0233A8FC2009A8868 /* RedCellViewData.swift in Sources */ = {isa = PBXBuildFile; fileRef = 5337F5DF233A8FC2009A8868 /* RedCellViewData.swift */; };
		5337F5E2233A8FFF009A8868 /* Timestamp.swift in Sources */ = {isa = PBXBuildFile; fileRef = 5337F5E1233A8FFF009A8868 /* Timestamp.swift */; };
		5337F5E4233A9025009A8868 /* CoreData+Enums.swift in Sources */ = {isa = PBXBuildFile; fileRef = 5337F5E3233A9025009A8868 /* CoreData+Enums.swift */; };
		53B02C4722F7594F00434D6D /* AppDelegate.swift in Sources */ = {isa = PBXBuildFile; fileRef = 53B02C4622F7594F00434D6D /* AppDelegate.swift */; };
		53B02C4922F7594F00434D6D /* DashboardViewController.swift in Sources */ = {isa = PBXBuildFile; fileRef = 53B02C4822F7594F00434D6D /* DashboardViewController.swift */; };
		53B02C4F22F7594F00434D6D /* Timestamps.xcdatamodeld in Sources */ = {isa = PBXBuildFile; fileRef = 53B02C4D22F7594F00434D6D /* Timestamps.xcdatamodeld */; };
		53B02C5122F7595000434D6D /* Assets.xcassets in Resources */ = {isa = PBXBuildFile; fileRef = 53B02C5022F7595000434D6D /* Assets.xcassets */; };
		53B02C5F22F7595000434D6D /* TimestampsTests.swift in Sources */ = {isa = PBXBuildFile; fileRef = 53B02C5E22F7595000434D6D /* TimestampsTests.swift */; };
		53B02C6A22F7595000434D6D /* TimestampsUITests.swift in Sources */ = {isa = PBXBuildFile; fileRef = 53B02C6922F7595000434D6D /* TimestampsUITests.swift */; };
		53B02C7822F759EF00434D6D /* DashboardViewAdapter.swift in Sources */ = {isa = PBXBuildFile; fileRef = 53B02C7722F759EF00434D6D /* DashboardViewAdapter.swift */; };
		7798E6532F79BF634B61C93A /* Pods_TimestampsTests.framework in Frameworks */ = {isa = PBXBuildFile; fileRef = 65137116A3C4E60021DDFD47 /* Pods_TimestampsTests.framework */; };
		E9B5B2823038A88AE0E857F4 /* Pods_TimestampsUITests.framework in Frameworks */ = {isa = PBXBuildFile; fileRef = 271A42674FF9FBA7193A3783 /* Pods_TimestampsUITests.framework */; };
/* End PBXBuildFile section */

/* Begin PBXContainerItemProxy section */
		53B02C5B22F7595000434D6D /* PBXContainerItemProxy */ = {
			isa = PBXContainerItemProxy;
			containerPortal = 53B02C3B22F7594F00434D6D /* Project object */;
			proxyType = 1;
			remoteGlobalIDString = 53B02C4222F7594F00434D6D;
			remoteInfo = Timestamps;
		};
		53B02C6622F7595000434D6D /* PBXContainerItemProxy */ = {
			isa = PBXContainerItemProxy;
			containerPortal = 53B02C3B22F7594F00434D6D /* Project object */;
			proxyType = 1;
			remoteGlobalIDString = 53B02C4222F7594F00434D6D;
			remoteInfo = Timestamps;
		};
/* End PBXContainerItemProxy section */

/* Begin PBXFileReference section */
		05DC0586CE73C519349BA7A4 /* Pods-TimestampsUITests.release.xcconfig */ = {isa = PBXFileReference; includeInIndex = 1; lastKnownFileType = text.xcconfig; name = "Pods-TimestampsUITests.release.xcconfig"; path = "Target Support Files/Pods-TimestampsUITests/Pods-TimestampsUITests.release.xcconfig"; sourceTree = "<group>"; };
		195A554280BB286335314CE8 /* Pods_Timestamps.framework */ = {isa = PBXFileReference; explicitFileType = wrapper.framework; includeInIndex = 0; path = Pods_Timestamps.framework; sourceTree = BUILT_PRODUCTS_DIR; };
		218E78ECCC919F144D0A4235 /* Pods-Timestamps.release.xcconfig */ = {isa = PBXFileReference; includeInIndex = 1; lastKnownFileType = text.xcconfig; name = "Pods-Timestamps.release.xcconfig"; path = "Target Support Files/Pods-Timestamps/Pods-Timestamps.release.xcconfig"; sourceTree = "<group>"; };
		271A42674FF9FBA7193A3783 /* Pods_TimestampsUITests.framework */ = {isa = PBXFileReference; explicitFileType = wrapper.framework; includeInIndex = 0; path = Pods_TimestampsUITests.framework; sourceTree = BUILT_PRODUCTS_DIR; };
		4CBE9D8D22B7C1BD768AC3A9 /* Pods-TimestampsTests.release.xcconfig */ = {isa = PBXFileReference; includeInIndex = 1; lastKnownFileType = text.xcconfig; name = "Pods-TimestampsTests.release.xcconfig"; path = "Target Support Files/Pods-TimestampsTests/Pods-TimestampsTests.release.xcconfig"; sourceTree = "<group>"; };
		53128C682301394600B3637A /* DashboardDataManager.swift */ = {isa = PBXFileReference; lastKnownFileType = sourcecode.swift; path = DashboardDataManager.swift; sourceTree = "<group>"; };
		5323E29B233E84C800E2C86F /* TimestampViewDataTests.swift */ = {isa = PBXFileReference; lastKnownFileType = sourcecode.swift; path = TimestampViewDataTests.swift; sourceTree = "<group>"; };
		5323E29D233FB2D300E2C86F /* Date+Helpers.swift */ = {isa = PBXFileReference; lastKnownFileType = sourcecode.swift; path = "Date+Helpers.swift"; sourceTree = "<group>"; };
		5335435422F769FE005E136D /* TimestampCell.swift */ = {isa = PBXFileReference; lastKnownFileType = sourcecode.swift; path = TimestampCell.swift; sourceTree = "<group>"; };
		5335435722F76A91005E136D /* UITextView+Helpers.swift */ = {isa = PBXFileReference; lastKnownFileType = sourcecode.swift; path = "UITextView+Helpers.swift"; sourceTree = "<group>"; };
		5335435922F76ABE005E136D /* TimestampCellViewData.swift */ = {isa = PBXFileReference; lastKnownFileType = sourcecode.swift; path = TimestampCellViewData.swift; sourceTree = "<group>"; };
		5337F5DF233A8FC2009A8868 /* RedCellViewData.swift */ = {isa = PBXFileReference; lastKnownFileType = sourcecode.swift; path = RedCellViewData.swift; sourceTree = "<group>"; };
		5337F5E1233A8FFF009A8868 /* Timestamp.swift */ = {isa = PBXFileReference; lastKnownFileType = sourcecode.swift; path = Timestamp.swift; sourceTree = "<group>"; };
		5337F5E3233A9025009A8868 /* CoreData+Enums.swift */ = {isa = PBXFileReference; lastKnownFileType = sourcecode.swift; path = "CoreData+Enums.swift"; sourceTree = "<group>"; };
		53B02C4322F7594F00434D6D /* Timestamps.app */ = {isa = PBXFileReference; explicitFileType = wrapper.application; includeInIndex = 0; path = Timestamps.app; sourceTree = BUILT_PRODUCTS_DIR; };
		53B02C4622F7594F00434D6D /* AppDelegate.swift */ = {isa = PBXFileReference; lastKnownFileType = sourcecode.swift; path = AppDelegate.swift; sourceTree = "<group>"; };
		53B02C4822F7594F00434D6D /* DashboardViewController.swift */ = {isa = PBXFileReference; lastKnownFileType = sourcecode.swift; path = DashboardViewController.swift; sourceTree = "<group>"; };
		53B02C4E22F7594F00434D6D /* Timestamps.xcdatamodel */ = {isa = PBXFileReference; lastKnownFileType = wrapper.xcdatamodel; path = Timestamps.xcdatamodel; sourceTree = "<group>"; };
		53B02C5022F7595000434D6D /* Assets.xcassets */ = {isa = PBXFileReference; lastKnownFileType = folder.assetcatalog; path = Assets.xcassets; sourceTree = "<group>"; };
		53B02C5522F7595000434D6D /* Info.plist */ = {isa = PBXFileReference; lastKnownFileType = text.plist.xml; path = Info.plist; sourceTree = "<group>"; };
		53B02C5A22F7595000434D6D /* TimestampsTests.xctest */ = {isa = PBXFileReference; explicitFileType = wrapper.cfbundle; includeInIndex = 0; path = TimestampsTests.xctest; sourceTree = BUILT_PRODUCTS_DIR; };
		53B02C5E22F7595000434D6D /* TimestampsTests.swift */ = {isa = PBXFileReference; lastKnownFileType = sourcecode.swift; path = TimestampsTests.swift; sourceTree = "<group>"; };
		53B02C6022F7595000434D6D /* Info.plist */ = {isa = PBXFileReference; lastKnownFileType = text.plist.xml; path = Info.plist; sourceTree = "<group>"; };
		53B02C6522F7595000434D6D /* TimestampsUITests.xctest */ = {isa = PBXFileReference; explicitFileType = wrapper.cfbundle; includeInIndex = 0; path = TimestampsUITests.xctest; sourceTree = BUILT_PRODUCTS_DIR; };
		53B02C6922F7595000434D6D /* TimestampsUITests.swift */ = {isa = PBXFileReference; lastKnownFileType = sourcecode.swift; path = TimestampsUITests.swift; sourceTree = "<group>"; };
		53B02C6B22F7595000434D6D /* Info.plist */ = {isa = PBXFileReference; lastKnownFileType = text.plist.xml; path = Info.plist; sourceTree = "<group>"; };
		53B02C7722F759EF00434D6D /* DashboardViewAdapter.swift */ = {isa = PBXFileReference; lastKnownFileType = sourcecode.swift; path = DashboardViewAdapter.swift; sourceTree = "<group>"; };
		65137116A3C4E60021DDFD47 /* Pods_TimestampsTests.framework */ = {isa = PBXFileReference; explicitFileType = wrapper.framework; includeInIndex = 0; path = Pods_TimestampsTests.framework; sourceTree = BUILT_PRODUCTS_DIR; };
		8CA0EADDD8D8A632DFA6B711 /* Pods-Timestamps.debug.xcconfig */ = {isa = PBXFileReference; includeInIndex = 1; lastKnownFileType = text.xcconfig; name = "Pods-Timestamps.debug.xcconfig"; path = "Target Support Files/Pods-Timestamps/Pods-Timestamps.debug.xcconfig"; sourceTree = "<group>"; };
		957CCFAD113121F6F93C6CAD /* Pods-TimestampsUITests.debug.xcconfig */ = {isa = PBXFileReference; includeInIndex = 1; lastKnownFileType = text.xcconfig; name = "Pods-TimestampsUITests.debug.xcconfig"; path = "Target Support Files/Pods-TimestampsUITests/Pods-TimestampsUITests.debug.xcconfig"; sourceTree = "<group>"; };
		BAA1F5DECA649EAA5DFF4C58 /* Pods-TimestampsTests.debug.xcconfig */ = {isa = PBXFileReference; includeInIndex = 1; lastKnownFileType = text.xcconfig; name = "Pods-TimestampsTests.debug.xcconfig"; path = "Target Support Files/Pods-TimestampsTests/Pods-TimestampsTests.debug.xcconfig"; sourceTree = "<group>"; };
/* End PBXFileReference section */

/* Begin PBXFrameworksBuildPhase section */
		53B02C4022F7594F00434D6D /* Frameworks */ = {
			isa = PBXFrameworksBuildPhase;
			buildActionMask = 2147483647;
			files = (
				1A23DB46FD5EA3699C930FFF /* Pods_Timestamps.framework in Frameworks */,
			);
			runOnlyForDeploymentPostprocessing = 0;
		};
		53B02C5722F7595000434D6D /* Frameworks */ = {
			isa = PBXFrameworksBuildPhase;
			buildActionMask = 2147483647;
			files = (
				7798E6532F79BF634B61C93A /* Pods_TimestampsTests.framework in Frameworks */,
			);
			runOnlyForDeploymentPostprocessing = 0;
		};
		53B02C6222F7595000434D6D /* Frameworks */ = {
			isa = PBXFrameworksBuildPhase;
			buildActionMask = 2147483647;
			files = (
				E9B5B2823038A88AE0E857F4 /* Pods_TimestampsUITests.framework in Frameworks */,
			);
			runOnlyForDeploymentPostprocessing = 0;
		};
/* End PBXFrameworksBuildPhase section */

/* Begin PBXGroup section */
		5335435122F769C5005E136D /* Modules */ = {
			isa = PBXGroup;
			children = (
				5335435222F769CD005E136D /* Dashboard */,
			);
			path = Modules;
			sourceTree = "<group>";
		};
		5335435222F769CD005E136D /* Dashboard */ = {
			isa = PBXGroup;
			children = (
				5337F5E8233A9090009A8868 /* ViewAdapter */,
				5337F5E7233A904F009A8868 /* ViewController */,
				5337F5E6233A9049009A8868 /* DataManager */,
				5335435322F769F0005E136D /* View */,
				5337F5DC233A8F58009A8868 /* Model */,
			);
			path = Dashboard;
			sourceTree = "<group>";
		};
		5335435322F769F0005E136D /* View */ = {
			isa = PBXGroup;
			children = (
				5335435422F769FE005E136D /* TimestampCell.swift */,
			);
			path = View;
			sourceTree = "<group>";
		};
		5335435622F76A81005E136D /* Extensions */ = {
			isa = PBXGroup;
			children = (
				5335435722F76A91005E136D /* UITextView+Helpers.swift */,
				5323E29D233FB2D300E2C86F /* Date+Helpers.swift */,
			);
			path = Extensions;
			sourceTree = "<group>";
		};
		5337F5DC233A8F58009A8868 /* Model */ = {
			isa = PBXGroup;
			children = (
				5337F5DE233A8FB4009A8868 /* ViewData */,
				5337F5E1233A8FFF009A8868 /* Timestamp.swift */,
				5337F5E3233A9025009A8868 /* CoreData+Enums.swift */,
			);
			path = Model;
			sourceTree = "<group>";
		};
		5337F5DE233A8FB4009A8868 /* ViewData */ = {
			isa = PBXGroup;
			children = (
				5335435922F76ABE005E136D /* TimestampCellViewData.swift */,
				5337F5DF233A8FC2009A8868 /* RedCellViewData.swift */,
			);
			path = ViewData;
			sourceTree = "<group>";
		};
		5337F5E6233A9049009A8868 /* DataManager */ = {
			isa = PBXGroup;
			children = (
				53128C682301394600B3637A /* DashboardDataManager.swift */,
			);
			path = DataManager;
			sourceTree = "<group>";
		};
		5337F5E7233A904F009A8868 /* ViewController */ = {
			isa = PBXGroup;
			children = (
				53B02C4822F7594F00434D6D /* DashboardViewController.swift */,
			);
			path = ViewController;
			sourceTree = "<group>";
		};
		5337F5E8233A9090009A8868 /* ViewAdapter */ = {
			isa = PBXGroup;
			children = (
				53B02C7722F759EF00434D6D /* DashboardViewAdapter.swift */,
			);
			path = ViewAdapter;
			sourceTree = "<group>";
		};
		53B02C3A22F7594F00434D6D = {
			isa = PBXGroup;
			children = (
				5335435622F76A81005E136D /* Extensions */,
				5335435122F769C5005E136D /* Modules */,
				53B02C4522F7594F00434D6D /* Timestamps */,
				53B02C5D22F7595000434D6D /* TimestampsTests */,
				53B02C6822F7595000434D6D /* TimestampsUITests */,
				53B02C4422F7594F00434D6D /* Products */,
				EB6801C0FC36E98A53825222 /* Pods */,
				B0965988F868F8135CFC459A /* Frameworks */,
			);
			sourceTree = "<group>";
		};
		53B02C4422F7594F00434D6D /* Products */ = {
			isa = PBXGroup;
			children = (
				53B02C4322F7594F00434D6D /* Timestamps.app */,
				53B02C5A22F7595000434D6D /* TimestampsTests.xctest */,
				53B02C6522F7595000434D6D /* TimestampsUITests.xctest */,
			);
			name = Products;
			sourceTree = "<group>";
		};
		53B02C4522F7594F00434D6D /* Timestamps */ = {
			isa = PBXGroup;
			children = (
				53B02C4622F7594F00434D6D /* AppDelegate.swift */,
				53B02C5022F7595000434D6D /* Assets.xcassets */,
				53B02C5522F7595000434D6D /* Info.plist */,
				53B02C4D22F7594F00434D6D /* Timestamps.xcdatamodeld */,
			);
			path = Timestamps;
			sourceTree = "<group>";
		};
		53B02C5D22F7595000434D6D /* TimestampsTests */ = {
			isa = PBXGroup;
			children = (
				53B02C5E22F7595000434D6D /* TimestampsTests.swift */,
				53B02C6022F7595000434D6D /* Info.plist */,
				5323E29B233E84C800E2C86F /* TimestampViewDataTests.swift */,
			);
			path = TimestampsTests;
			sourceTree = "<group>";
		};
		53B02C6822F7595000434D6D /* TimestampsUITests */ = {
			isa = PBXGroup;
			children = (
				53B02C6922F7595000434D6D /* TimestampsUITests.swift */,
				53B02C6B22F7595000434D6D /* Info.plist */,
			);
			path = TimestampsUITests;
			sourceTree = "<group>";
		};
		B0965988F868F8135CFC459A /* Frameworks */ = {
			isa = PBXGroup;
			children = (
				195A554280BB286335314CE8 /* Pods_Timestamps.framework */,
				65137116A3C4E60021DDFD47 /* Pods_TimestampsTests.framework */,
				271A42674FF9FBA7193A3783 /* Pods_TimestampsUITests.framework */,
			);
			name = Frameworks;
			sourceTree = "<group>";
		};
		EB6801C0FC36E98A53825222 /* Pods */ = {
			isa = PBXGroup;
			children = (
				8CA0EADDD8D8A632DFA6B711 /* Pods-Timestamps.debug.xcconfig */,
				218E78ECCC919F144D0A4235 /* Pods-Timestamps.release.xcconfig */,
				BAA1F5DECA649EAA5DFF4C58 /* Pods-TimestampsTests.debug.xcconfig */,
				4CBE9D8D22B7C1BD768AC3A9 /* Pods-TimestampsTests.release.xcconfig */,
				957CCFAD113121F6F93C6CAD /* Pods-TimestampsUITests.debug.xcconfig */,
				05DC0586CE73C519349BA7A4 /* Pods-TimestampsUITests.release.xcconfig */,
			);
			path = Pods;
			sourceTree = "<group>";
		};
/* End PBXGroup section */

/* Begin PBXNativeTarget section */
		53B02C4222F7594F00434D6D /* Timestamps */ = {
			isa = PBXNativeTarget;
			buildConfigurationList = 53B02C6E22F7595000434D6D /* Build configuration list for PBXNativeTarget "Timestamps" */;
			buildPhases = (
				ABA2E45B9C80B73880346033 /* [CP] Check Pods Manifest.lock */,
				53B02C3F22F7594F00434D6D /* Sources */,
				53B02C4022F7594F00434D6D /* Frameworks */,
				53B02C4122F7594F00434D6D /* Resources */,
				8567210FD86D13F5142DBA9F /* [CP] Embed Pods Frameworks */,
			);
			buildRules = (
			);
			dependencies = (
			);
			name = Timestamps;
			productName = Timestamps;
			productReference = 53B02C4322F7594F00434D6D /* Timestamps.app */;
			productType = "com.apple.product-type.application";
		};
		53B02C5922F7595000434D6D /* TimestampsTests */ = {
			isa = PBXNativeTarget;
			buildConfigurationList = 53B02C7122F7595000434D6D /* Build configuration list for PBXNativeTarget "TimestampsTests" */;
			buildPhases = (
				12106803A6AE061E81FAEC63 /* [CP] Check Pods Manifest.lock */,
				53B02C5622F7595000434D6D /* Sources */,
				53B02C5722F7595000434D6D /* Frameworks */,
				53B02C5822F7595000434D6D /* Resources */,
			);
			buildRules = (
			);
			dependencies = (
				53B02C5C22F7595000434D6D /* PBXTargetDependency */,
			);
			name = TimestampsTests;
			productName = TimestampsTests;
			productReference = 53B02C5A22F7595000434D6D /* TimestampsTests.xctest */;
			productType = "com.apple.product-type.bundle.unit-test";
		};
		53B02C6422F7595000434D6D /* TimestampsUITests */ = {
			isa = PBXNativeTarget;
			buildConfigurationList = 53B02C7422F7595000434D6D /* Build configuration list for PBXNativeTarget "TimestampsUITests" */;
			buildPhases = (
				4CAE58EC3B75B335080BADBB /* [CP] Check Pods Manifest.lock */,
				53B02C6122F7595000434D6D /* Sources */,
				53B02C6222F7595000434D6D /* Frameworks */,
				53B02C6322F7595000434D6D /* Resources */,
			);
			buildRules = (
			);
			dependencies = (
				53B02C6722F7595000434D6D /* PBXTargetDependency */,
			);
			name = TimestampsUITests;
			productName = TimestampsUITests;
			productReference = 53B02C6522F7595000434D6D /* TimestampsUITests.xctest */;
			productType = "com.apple.product-type.bundle.ui-testing";
		};
/* End PBXNativeTarget section */

/* Begin PBXProject section */
		53B02C3B22F7594F00434D6D /* Project object */ = {
			isa = PBXProject;
			attributes = {
				LastSwiftUpdateCheck = 1020;
				LastUpgradeCheck = 1020;
				ORGANIZATIONNAME = "Ernest DeFoy III";
				TargetAttributes = {
					53B02C4222F7594F00434D6D = {
						CreatedOnToolsVersion = 10.2.1;
					};
					53B02C5922F7595000434D6D = {
						CreatedOnToolsVersion = 10.2.1;
						TestTargetID = 53B02C4222F7594F00434D6D;
					};
					53B02C6422F7595000434D6D = {
						CreatedOnToolsVersion = 10.2.1;
						TestTargetID = 53B02C4222F7594F00434D6D;
					};
				};
			};
			buildConfigurationList = 53B02C3E22F7594F00434D6D /* Build configuration list for PBXProject "Timestamps" */;
			compatibilityVersion = "Xcode 9.3";
			developmentRegion = en;
			hasScannedForEncodings = 0;
			knownRegions = (
				en,
				Base,
			);
			mainGroup = 53B02C3A22F7594F00434D6D;
			productRefGroup = 53B02C4422F7594F00434D6D /* Products */;
			projectDirPath = "";
			projectRoot = "";
			targets = (
				53B02C4222F7594F00434D6D /* Timestamps */,
				53B02C5922F7595000434D6D /* TimestampsTests */,
				53B02C6422F7595000434D6D /* TimestampsUITests */,
			);
		};
/* End PBXProject section */

/* Begin PBXResourcesBuildPhase section */
		53B02C4122F7594F00434D6D /* Resources */ = {
			isa = PBXResourcesBuildPhase;
			buildActionMask = 2147483647;
			files = (
				53B02C5122F7595000434D6D /* Assets.xcassets in Resources */,
			);
			runOnlyForDeploymentPostprocessing = 0;
		};
		53B02C5822F7595000434D6D /* Resources */ = {
			isa = PBXResourcesBuildPhase;
			buildActionMask = 2147483647;
			files = (
			);
			runOnlyForDeploymentPostprocessing = 0;
		};
		53B02C6322F7595000434D6D /* Resources */ = {
			isa = PBXResourcesBuildPhase;
			buildActionMask = 2147483647;
			files = (
			);
			runOnlyForDeploymentPostprocessing = 0;
		};
/* End PBXResourcesBuildPhase section */

/* Begin PBXShellScriptBuildPhase section */
		12106803A6AE061E81FAEC63 /* [CP] Check Pods Manifest.lock */ = {
			isa = PBXShellScriptBuildPhase;
			buildActionMask = 2147483647;
			files = (
			);
			inputFileListPaths = (
			);
			inputPaths = (
				"${PODS_PODFILE_DIR_PATH}/Podfile.lock",
				"${PODS_ROOT}/Manifest.lock",
			);
			name = "[CP] Check Pods Manifest.lock";
			outputFileListPaths = (
			);
			outputPaths = (
				"$(DERIVED_FILE_DIR)/Pods-TimestampsTests-checkManifestLockResult.txt",
			);
			runOnlyForDeploymentPostprocessing = 0;
			shellPath = /bin/sh;
			shellScript = "diff \"${PODS_PODFILE_DIR_PATH}/Podfile.lock\" \"${PODS_ROOT}/Manifest.lock\" > /dev/null\nif [ $? != 0 ] ; then\n    # print error to STDERR\n    echo \"error: The sandbox is not in sync with the Podfile.lock. Run 'pod install' or update your CocoaPods installation.\" >&2\n    exit 1\nfi\n# This output is used by Xcode 'outputs' to avoid re-running this script phase.\necho \"SUCCESS\" > \"${SCRIPT_OUTPUT_FILE_0}\"\n";
			showEnvVarsInLog = 0;
		};
		4CAE58EC3B75B335080BADBB /* [CP] Check Pods Manifest.lock */ = {
			isa = PBXShellScriptBuildPhase;
			buildActionMask = 2147483647;
			files = (
			);
			inputFileListPaths = (
			);
			inputPaths = (
				"${PODS_PODFILE_DIR_PATH}/Podfile.lock",
				"${PODS_ROOT}/Manifest.lock",
			);
			name = "[CP] Check Pods Manifest.lock";
			outputFileListPaths = (
			);
			outputPaths = (
				"$(DERIVED_FILE_DIR)/Pods-TimestampsUITests-checkManifestLockResult.txt",
			);
			runOnlyForDeploymentPostprocessing = 0;
			shellPath = /bin/sh;
			shellScript = "diff \"${PODS_PODFILE_DIR_PATH}/Podfile.lock\" \"${PODS_ROOT}/Manifest.lock\" > /dev/null\nif [ $? != 0 ] ; then\n    # print error to STDERR\n    echo \"error: The sandbox is not in sync with the Podfile.lock. Run 'pod install' or update your CocoaPods installation.\" >&2\n    exit 1\nfi\n# This output is used by Xcode 'outputs' to avoid re-running this script phase.\necho \"SUCCESS\" > \"${SCRIPT_OUTPUT_FILE_0}\"\n";
			showEnvVarsInLog = 0;
		};
		8567210FD86D13F5142DBA9F /* [CP] Embed Pods Frameworks */ = {
			isa = PBXShellScriptBuildPhase;
			buildActionMask = 2147483647;
			files = (
			);
			inputFileListPaths = (
				"${PODS_ROOT}/Target Support Files/Pods-Timestamps/Pods-Timestamps-frameworks-${CONFIGURATION}-input-files.xcfilelist",
			);
			name = "[CP] Embed Pods Frameworks";
			outputFileListPaths = (
				"${PODS_ROOT}/Target Support Files/Pods-Timestamps/Pods-Timestamps-frameworks-${CONFIGURATION}-output-files.xcfilelist",
			);
			runOnlyForDeploymentPostprocessing = 0;
			shellPath = /bin/sh;
			shellScript = "\"${PODS_ROOT}/Target Support Files/Pods-Timestamps/Pods-Timestamps-frameworks.sh\"\n";
			showEnvVarsInLog = 0;
		};
		ABA2E45B9C80B73880346033 /* [CP] Check Pods Manifest.lock */ = {
			isa = PBXShellScriptBuildPhase;
			buildActionMask = 2147483647;
			files = (
			);
			inputFileListPaths = (
			);
			inputPaths = (
				"${PODS_PODFILE_DIR_PATH}/Podfile.lock",
				"${PODS_ROOT}/Manifest.lock",
			);
			name = "[CP] Check Pods Manifest.lock";
			outputFileListPaths = (
			);
			outputPaths = (
				"$(DERIVED_FILE_DIR)/Pods-Timestamps-checkManifestLockResult.txt",
			);
			runOnlyForDeploymentPostprocessing = 0;
			shellPath = /bin/sh;
			shellScript = "diff \"${PODS_PODFILE_DIR_PATH}/Podfile.lock\" \"${PODS_ROOT}/Manifest.lock\" > /dev/null\nif [ $? != 0 ] ; then\n    # print error to STDERR\n    echo \"error: The sandbox is not in sync with the Podfile.lock. Run 'pod install' or update your CocoaPods installation.\" >&2\n    exit 1\nfi\n# This output is used by Xcode 'outputs' to avoid re-running this script phase.\necho \"SUCCESS\" > \"${SCRIPT_OUTPUT_FILE_0}\"\n";
			showEnvVarsInLog = 0;
		};
/* End PBXShellScriptBuildPhase section */

/* Begin PBXSourcesBuildPhase section */
		53B02C3F22F7594F00434D6D /* Sources */ = {
			isa = PBXSourcesBuildPhase;
			buildActionMask = 2147483647;
			files = (
				5335435522F769FE005E136D /* TimestampCell.swift in Sources */,
				53128C692301394600B3637A /* DashboardDataManager.swift in Sources */,
				5337F5E4233A9025009A8868 /* CoreData+Enums.swift in Sources */,
				5335435822F76A91005E136D /* UITextView+Helpers.swift in Sources */,
				5335435A22F76ABE005E136D /* TimestampCellViewData.swift in Sources */,
				53B02C7822F759EF00434D6D /* DashboardViewAdapter.swift in Sources */,
				5337F5E0233A8FC2009A8868 /* RedCellViewData.swift in Sources */,
				5337F5E2233A8FFF009A8868 /* Timestamp.swift in Sources */,
				53B02C4922F7594F00434D6D /* DashboardViewController.swift in Sources */,
				53B02C4F22F7594F00434D6D /* Timestamps.xcdatamodeld in Sources */,
				53B02C4722F7594F00434D6D /* AppDelegate.swift in Sources */,
			);
			runOnlyForDeploymentPostprocessing = 0;
		};
		53B02C5622F7595000434D6D /* Sources */ = {
			isa = PBXSourcesBuildPhase;
			buildActionMask = 2147483647;
			files = (
				53B02C5F22F7595000434D6D /* TimestampsTests.swift in Sources */,
				5323E29E233FB2D300E2C86F /* Date+Helpers.swift in Sources */,
				5323E29C233E84C800E2C86F /* TimestampViewDataTests.swift in Sources */,
			);
			runOnlyForDeploymentPostprocessing = 0;
		};
		53B02C6122F7595000434D6D /* Sources */ = {
			isa = PBXSourcesBuildPhase;
			buildActionMask = 2147483647;
			files = (
				53B02C6A22F7595000434D6D /* TimestampsUITests.swift in Sources */,
			);
			runOnlyForDeploymentPostprocessing = 0;
		};
/* End PBXSourcesBuildPhase section */

/* Begin PBXTargetDependency section */
		53B02C5C22F7595000434D6D /* PBXTargetDependency */ = {
			isa = PBXTargetDependency;
			target = 53B02C4222F7594F00434D6D /* Timestamps */;
			targetProxy = 53B02C5B22F7595000434D6D /* PBXContainerItemProxy */;
		};
		53B02C6722F7595000434D6D /* PBXTargetDependency */ = {
			isa = PBXTargetDependency;
			target = 53B02C4222F7594F00434D6D /* Timestamps */;
			targetProxy = 53B02C6622F7595000434D6D /* PBXContainerItemProxy */;
		};
/* End PBXTargetDependency section */

/* Begin XCBuildConfiguration section */
		53B02C6C22F7595000434D6D /* Debug */ = {
			isa = XCBuildConfiguration;
			buildSettings = {
				ALWAYS_SEARCH_USER_PATHS = NO;
				CLANG_ANALYZER_NONNULL = YES;
				CLANG_ANALYZER_NUMBER_OBJECT_CONVERSION = YES_AGGRESSIVE;
				CLANG_CXX_LANGUAGE_STANDARD = "gnu++14";
				CLANG_CXX_LIBRARY = "libc++";
				CLANG_ENABLE_MODULES = YES;
				CLANG_ENABLE_OBJC_ARC = YES;
				CLANG_ENABLE_OBJC_WEAK = YES;
				CLANG_WARN_BLOCK_CAPTURE_AUTORELEASING = YES;
				CLANG_WARN_BOOL_CONVERSION = YES;
				CLANG_WARN_COMMA = YES;
				CLANG_WARN_CONSTANT_CONVERSION = YES;
				CLANG_WARN_DEPRECATED_OBJC_IMPLEMENTATIONS = YES;
				CLANG_WARN_DIRECT_OBJC_ISA_USAGE = YES_ERROR;
				CLANG_WARN_DOCUMENTATION_COMMENTS = YES;
				CLANG_WARN_EMPTY_BODY = YES;
				CLANG_WARN_ENUM_CONVERSION = YES;
				CLANG_WARN_INFINITE_RECURSION = YES;
				CLANG_WARN_INT_CONVERSION = YES;
				CLANG_WARN_NON_LITERAL_NULL_CONVERSION = YES;
				CLANG_WARN_OBJC_IMPLICIT_RETAIN_SELF = YES;
				CLANG_WARN_OBJC_LITERAL_CONVERSION = YES;
				CLANG_WARN_OBJC_ROOT_CLASS = YES_ERROR;
				CLANG_WARN_RANGE_LOOP_ANALYSIS = YES;
				CLANG_WARN_STRICT_PROTOTYPES = YES;
				CLANG_WARN_SUSPICIOUS_MOVE = YES;
				CLANG_WARN_UNGUARDED_AVAILABILITY = YES_AGGRESSIVE;
				CLANG_WARN_UNREACHABLE_CODE = YES;
				CLANG_WARN__DUPLICATE_METHOD_MATCH = YES;
				CODE_SIGN_IDENTITY = "iPhone Developer";
				COPY_PHASE_STRIP = NO;
				DEBUG_INFORMATION_FORMAT = dwarf;
				ENABLE_STRICT_OBJC_MSGSEND = YES;
				ENABLE_TESTABILITY = YES;
				GCC_C_LANGUAGE_STANDARD = gnu11;
				GCC_DYNAMIC_NO_PIC = NO;
				GCC_NO_COMMON_BLOCKS = YES;
				GCC_OPTIMIZATION_LEVEL = 0;
				GCC_PREPROCESSOR_DEFINITIONS = (
					"DEBUG=1",
					"$(inherited)",
				);
				GCC_WARN_64_TO_32_BIT_CONVERSION = YES;
				GCC_WARN_ABOUT_RETURN_TYPE = YES_ERROR;
				GCC_WARN_UNDECLARED_SELECTOR = YES;
				GCC_WARN_UNINITIALIZED_AUTOS = YES_AGGRESSIVE;
				GCC_WARN_UNUSED_FUNCTION = YES;
				GCC_WARN_UNUSED_VARIABLE = YES;
				IPHONEOS_DEPLOYMENT_TARGET = 12.2;
				MTL_ENABLE_DEBUG_INFO = INCLUDE_SOURCE;
				MTL_FAST_MATH = YES;
				ONLY_ACTIVE_ARCH = YES;
				SDKROOT = iphoneos;
				SWIFT_ACTIVE_COMPILATION_CONDITIONS = DEBUG;
				SWIFT_OPTIMIZATION_LEVEL = "-Onone";
			};
			name = Debug;
		};
		53B02C6D22F7595000434D6D /* Release */ = {
			isa = XCBuildConfiguration;
			buildSettings = {
				ALWAYS_SEARCH_USER_PATHS = NO;
				CLANG_ANALYZER_NONNULL = YES;
				CLANG_ANALYZER_NUMBER_OBJECT_CONVERSION = YES_AGGRESSIVE;
				CLANG_CXX_LANGUAGE_STANDARD = "gnu++14";
				CLANG_CXX_LIBRARY = "libc++";
				CLANG_ENABLE_MODULES = YES;
				CLANG_ENABLE_OBJC_ARC = YES;
				CLANG_ENABLE_OBJC_WEAK = YES;
				CLANG_WARN_BLOCK_CAPTURE_AUTORELEASING = YES;
				CLANG_WARN_BOOL_CONVERSION = YES;
				CLANG_WARN_COMMA = YES;
				CLANG_WARN_CONSTANT_CONVERSION = YES;
				CLANG_WARN_DEPRECATED_OBJC_IMPLEMENTATIONS = YES;
				CLANG_WARN_DIRECT_OBJC_ISA_USAGE = YES_ERROR;
				CLANG_WARN_DOCUMENTATION_COMMENTS = YES;
				CLANG_WARN_EMPTY_BODY = YES;
				CLANG_WARN_ENUM_CONVERSION = YES;
				CLANG_WARN_INFINITE_RECURSION = YES;
				CLANG_WARN_INT_CONVERSION = YES;
				CLANG_WARN_NON_LITERAL_NULL_CONVERSION = YES;
				CLANG_WARN_OBJC_IMPLICIT_RETAIN_SELF = YES;
				CLANG_WARN_OBJC_LITERAL_CONVERSION = YES;
				CLANG_WARN_OBJC_ROOT_CLASS = YES_ERROR;
				CLANG_WARN_RANGE_LOOP_ANALYSIS = YES;
				CLANG_WARN_STRICT_PROTOTYPES = YES;
				CLANG_WARN_SUSPICIOUS_MOVE = YES;
				CLANG_WARN_UNGUARDED_AVAILABILITY = YES_AGGRESSIVE;
				CLANG_WARN_UNREACHABLE_CODE = YES;
				CLANG_WARN__DUPLICATE_METHOD_MATCH = YES;
				CODE_SIGN_IDENTITY = "iPhone Developer";
				COPY_PHASE_STRIP = NO;
				DEBUG_INFORMATION_FORMAT = "dwarf-with-dsym";
				ENABLE_NS_ASSERTIONS = NO;
				ENABLE_STRICT_OBJC_MSGSEND = YES;
				GCC_C_LANGUAGE_STANDARD = gnu11;
				GCC_NO_COMMON_BLOCKS = YES;
				GCC_WARN_64_TO_32_BIT_CONVERSION = YES;
				GCC_WARN_ABOUT_RETURN_TYPE = YES_ERROR;
				GCC_WARN_UNDECLARED_SELECTOR = YES;
				GCC_WARN_UNINITIALIZED_AUTOS = YES_AGGRESSIVE;
				GCC_WARN_UNUSED_FUNCTION = YES;
				GCC_WARN_UNUSED_VARIABLE = YES;
				IPHONEOS_DEPLOYMENT_TARGET = 12.2;
				MTL_ENABLE_DEBUG_INFO = NO;
				MTL_FAST_MATH = YES;
				SDKROOT = iphoneos;
				SWIFT_COMPILATION_MODE = wholemodule;
				SWIFT_OPTIMIZATION_LEVEL = "-O";
				VALIDATE_PRODUCT = YES;
			};
			name = Release;
		};
		53B02C6F22F7595000434D6D /* Debug */ = {
			isa = XCBuildConfiguration;
			baseConfigurationReference = 8CA0EADDD8D8A632DFA6B711 /* Pods-Timestamps.debug.xcconfig */;
			buildSettings = {
				ASSETCATALOG_COMPILER_APPICON_NAME = AppIcon;
				CODE_SIGN_STYLE = Automatic;
				INFOPLIST_FILE = Timestamps/Info.plist;
				LD_RUNPATH_SEARCH_PATHS = (
					"$(inherited)",
					"@executable_path/Frameworks",
				);
				PRODUCT_BUNDLE_IDENTIFIER = defoye.Timestamps;
				PRODUCT_NAME = "$(TARGET_NAME)";
				SWIFT_VERSION = 5.0;
				TARGETED_DEVICE_FAMILY = "1,2";
			};
			name = Debug;
		};
		53B02C7022F7595000434D6D /* Release */ = {
			isa = XCBuildConfiguration;
			baseConfigurationReference = 218E78ECCC919F144D0A4235 /* Pods-Timestamps.release.xcconfig */;
			buildSettings = {
				ASSETCATALOG_COMPILER_APPICON_NAME = AppIcon;
				CODE_SIGN_STYLE = Automatic;
				INFOPLIST_FILE = Timestamps/Info.plist;
				LD_RUNPATH_SEARCH_PATHS = (
					"$(inherited)",
					"@executable_path/Frameworks",
				);
				PRODUCT_BUNDLE_IDENTIFIER = defoye.Timestamps;
				PRODUCT_NAME = "$(TARGET_NAME)";
				SWIFT_VERSION = 5.0;
				TARGETED_DEVICE_FAMILY = "1,2";
			};
			name = Release;
		};
		53B02C7222F7595000434D6D /* Debug */ = {
			isa = XCBuildConfiguration;
			baseConfigurationReference = BAA1F5DECA649EAA5DFF4C58 /* Pods-TimestampsTests.debug.xcconfig */;
			buildSettings = {
				ALWAYS_EMBED_SWIFT_STANDARD_LIBRARIES = YES;
				BUNDLE_LOADER = "$(TEST_HOST)";
				CODE_SIGN_STYLE = Automatic;
				INFOPLIST_FILE = TimestampsTests/Info.plist;
				LD_RUNPATH_SEARCH_PATHS = (
					"$(inherited)",
					"@executable_path/Frameworks",
					"@loader_path/Frameworks",
				);
				PRODUCT_BUNDLE_IDENTIFIER = defoye.TimestampsTests;
				PRODUCT_NAME = "$(TARGET_NAME)";
				SWIFT_VERSION = 5.0;
				TARGETED_DEVICE_FAMILY = "1,2";
				TEST_HOST = "$(BUILT_PRODUCTS_DIR)/Timestamps.app/Timestamps";
			};
			name = Debug;
		};
		53B02C7322F7595000434D6D /* Release */ = {
			isa = XCBuildConfiguration;
			baseConfigurationReference = 4CBE9D8D22B7C1BD768AC3A9 /* Pods-TimestampsTests.release.xcconfig */;
			buildSettings = {
				ALWAYS_EMBED_SWIFT_STANDARD_LIBRARIES = YES;
				BUNDLE_LOADER = "$(TEST_HOST)";
				CODE_SIGN_STYLE = Automatic;
				INFOPLIST_FILE = TimestampsTests/Info.plist;
				LD_RUNPATH_SEARCH_PATHS = (
					"$(inherited)",
					"@executable_path/Frameworks",
					"@loader_path/Frameworks",
				);
				PRODUCT_BUNDLE_IDENTIFIER = defoye.TimestampsTests;
				PRODUCT_NAME = "$(TARGET_NAME)";
				SWIFT_VERSION = 5.0;
				TARGETED_DEVICE_FAMILY = "1,2";
				TEST_HOST = "$(BUILT_PRODUCTS_DIR)/Timestamps.app/Timestamps";
			};
			name = Release;
		};
		53B02C7522F7595000434D6D /* Debug */ = {
			isa = XCBuildConfiguration;
			baseConfigurationReference = 957CCFAD113121F6F93C6CAD /* Pods-TimestampsUITests.debug.xcconfig */;
			buildSettings = {
				ALWAYS_EMBED_SWIFT_STANDARD_LIBRARIES = YES;
				CODE_SIGN_STYLE = Automatic;
				INFOPLIST_FILE = TimestampsUITests/Info.plist;
				LD_RUNPATH_SEARCH_PATHS = (
					"$(inherited)",
					"@executable_path/Frameworks",
					"@loader_path/Frameworks",
				);
				PRODUCT_BUNDLE_IDENTIFIER = defoye.TimestampsUITests;
				PRODUCT_NAME = "$(TARGET_NAME)";
				SWIFT_VERSION = 5.0;
				TARGETED_DEVICE_FAMILY = "1,2";
				TEST_TARGET_NAME = Timestamps;
			};
			name = Debug;
		};
		53B02C7622F7595000434D6D /* Release */ = {
			isa = XCBuildConfiguration;
			baseConfigurationReference = 05DC0586CE73C519349BA7A4 /* Pods-TimestampsUITests.release.xcconfig */;
			buildSettings = {
				ALWAYS_EMBED_SWIFT_STANDARD_LIBRARIES = YES;
				CODE_SIGN_STYLE = Automatic;
				INFOPLIST_FILE = TimestampsUITests/Info.plist;
				LD_RUNPATH_SEARCH_PATHS = (
					"$(inherited)",
					"@executable_path/Frameworks",
					"@loader_path/Frameworks",
				);
				PRODUCT_BUNDLE_IDENTIFIER = defoye.TimestampsUITests;
				PRODUCT_NAME = "$(TARGET_NAME)";
				SWIFT_VERSION = 5.0;
				TARGETED_DEVICE_FAMILY = "1,2";
				TEST_TARGET_NAME = Timestamps;
			};
			name = Release;
		};
/* End XCBuildConfiguration section */

/* Begin XCConfigurationList section */
		53B02C3E22F7594F00434D6D /* Build configuration list for PBXProject "Timestamps" */ = {
			isa = XCConfigurationList;
			buildConfigurations = (
				53B02C6C22F7595000434D6D /* Debug */,
				53B02C6D22F7595000434D6D /* Release */,
			);
			defaultConfigurationIsVisible = 0;
			defaultConfigurationName = Release;
		};
		53B02C6E22F7595000434D6D /* Build configuration list for PBXNativeTarget "Timestamps" */ = {
			isa = XCConfigurationList;
			buildConfigurations = (
				53B02C6F22F7595000434D6D /* Debug */,
				53B02C7022F7595000434D6D /* Release */,
			);
			defaultConfigurationIsVisible = 0;
			defaultConfigurationName = Release;
		};
		53B02C7122F7595000434D6D /* Build configuration list for PBXNativeTarget "TimestampsTests" */ = {
			isa = XCConfigurationList;
			buildConfigurations = (
				53B02C7222F7595000434D6D /* Debug */,
				53B02C7322F7595000434D6D /* Release */,
			);
			defaultConfigurationIsVisible = 0;
			defaultConfigurationName = Release;
		};
		53B02C7422F7595000434D6D /* Build configuration list for PBXNativeTarget "TimestampsUITests" */ = {
			isa = XCConfigurationList;
			buildConfigurations = (
				53B02C7522F7595000434D6D /* Debug */,
				53B02C7622F7595000434D6D /* Release */,
			);
			defaultConfigurationIsVisible = 0;
			defaultConfigurationName = Release;
		};
/* End XCConfigurationList section */

/* Begin XCVersionGroup section */
		53B02C4D22F7594F00434D6D /* Timestamps.xcdatamodeld */ = {
			isa = XCVersionGroup;
			children = (
				53B02C4E22F7594F00434D6D /* Timestamps.xcdatamodel */,
			);
			currentVersion = 53B02C4E22F7594F00434D6D /* Timestamps.xcdatamodel */;
			path = Timestamps.xcdatamodeld;
			sourceTree = "<group>";
			versionGroupType = wrapper.xcdatamodel;
		};
/* End XCVersionGroup section */
	};
	rootObject = 53B02C3B22F7594F00434D6D /* Project object */;
}
